
Microsoft Visual Studio Solution File, Format Version 12.00
# Visual Studio Version 17
VisualStudioVersion = 17.4.33205.214
MinimumVisualStudioVersion = 10.0.40219.1
Project("{FAE04EC0-301F-11D3-BF4B-00C04F79EFBC}") = "90.CtrlLib", "90.CtrlLib\90.CtrlLib.csproj", "{9DB42475-79AB-0B2A-2166-64DC465CD19D}"
EndProject
Project("{FAE04EC0-301F-11D3-BF4B-00C04F79EFBC}") = "99.SmtLib", "99.SmtLib\99.SmtLib.csproj", "{834E2686-D37F-072F-22CA-84B83D0FDCBE}"
EndProject
Project("{FAE04EC0-301F-11D3-BF4B-00C04F79EFBC}") = "01.TKBR_WMS", "01.TKBR_WMS\01.TKBR_WMS.csproj", "{FB3A5728-452D-41A2-BBBE-741B946F08B6}"
EndProject
Project("{FAE04EC0-301F-11D3-BF4B-00C04F79EFBC}") = "50.TKBR_Lib", "50.TKBR_Lib\50.TKBR_Lib.csproj", "{DBF0B57D-488D-495B-8D08-A30BAD42B22A}"
	ProjectSection(ProjectDependencies) = postProject
		{3721AC5B-D0A0-40DD-896C-507DCF6BF848} = {3721AC5B-D0A0-40DD-896C-507DCF6BF848}
	EndProjectSection
EndProject
Project("{FAE04EC0-301F-11D3-BF4B-00C04F79EFBC}") = "60.ServerSystemLib", "60.ServerSystemLib\60.ServerSystemLib.csproj", "{A38099E9-3536-4ACE-A0A7-28213C50E49C}"
	ProjectSection(ProjectDependencies) = postProject
		{3721AC5B-D0A0-40DD-896C-507DCF6BF848} = {3721AC5B-D0A0-40DD-896C-507DCF6BF848}
	EndProjectSection
EndProject
Project("{FAE04EC0-301F-11D3-BF4B-00C04F79EFBC}") = "09.TKBR_SV", "09.TKBR_SV\09.TKBR_SV.csproj", "{46759BFC-E748-4B7B-A22D-6B93B9E39AD6}"
	ProjectSection(ProjectDependencies) = postProject
		{3721AC5B-D0A0-40DD-896C-507DCF6BF848} = {3721AC5B-D0A0-40DD-896C-507DCF6BF848}
	EndProjectSection
EndProject
Project("{FAE04EC0-301F-11D3-BF4B-00C04F79EFBC}") = "80.DBLib", "80.DBLib\80.DBLib.csproj", "{3721AC5B-D0A0-40DD-896C-507DCF6BF848}"
EndProject
Project("{FAE04EC0-301F-11D3-BF4B-00C04F79EFBC}") = "02.TKBR_TB", "02.TKBR_TB\02.TKBR_TB.csproj", "{5535E563-9455-45BD-AD3E-D14DE787878B}"
EndProject
Global
	GlobalSection(SolutionConfigurationPlatforms) = preSolution
		Debug|Any CPU = Debug|Any CPU
		Debug|x86 = Debug|x86
		Release|Any CPU = Release|Any CPU
		Release|x86 = Release|x86
	EndGlobalSection
	GlobalSection(ProjectConfigurationPlatforms) = postSolution
		{9DB42475-79AB-0B2A-2166-64DC465CD19D}.Debug|Any CPU.ActiveCfg = Debug|Any CPU
		{9DB42475-79AB-0B2A-2166-64DC465CD19D}.Debug|Any CPU.Build.0 = Debug|Any CPU
		{9DB42475-79AB-0B2A-2166-64DC465CD19D}.Debug|x86.ActiveCfg = Debug|x86
		{9DB42475-79AB-0B2A-2166-64DC465CD19D}.Debug|x86.Build.0 = Debug|x86
		{9DB42475-79AB-0B2A-2166-64DC465CD19D}.Release|Any CPU.ActiveCfg = Release|Any CPU
		{9DB42475-79AB-0B2A-2166-64DC465CD19D}.Release|Any CPU.Build.0 = Release|Any CPU
		{9DB42475-79AB-0B2A-2166-64DC465CD19D}.Release|x86.ActiveCfg = Release|x86
		{9DB42475-79AB-0B2A-2166-64DC465CD19D}.Release|x86.Build.0 = Release|x86
		{834E2686-D37F-072F-22CA-84B83D0FDCBE}.Debug|Any CPU.ActiveCfg = Debug|Any CPU
		{834E2686-D37F-072F-22CA-84B83D0FDCBE}.Debug|Any CPU.Build.0 = Debug|Any CPU
		{834E2686-D37F-072F-22CA-84B83D0FDCBE}.Debug|x86.ActiveCfg = Debug|x86
		{834E2686-D37F-072F-22CA-84B83D0FDCBE}.Debug|x86.Build.0 = Debug|x86
		{834E2686-D37F-072F-22CA-84B83D0FDCBE}.Release|Any CPU.ActiveCfg = Release|Any CPU
		{834E2686-D37F-072F-22CA-84B83D0FDCBE}.Release|Any CPU.Build.0 = Release|Any CPU
		{834E2686-D37F-072F-22CA-84B83D0FDCBE}.Release|x86.ActiveCfg = Release|x86
		{834E2686-D37F-072F-22CA-84B83D0FDCBE}.Release|x86.Build.0 = Release|x86
		{FB3A5728-452D-41A2-BBBE-741B946F08B6}.Debug|Any CPU.ActiveCfg = Debug|Any CPU
		{FB3A5728-452D-41A2-BBBE-741B946F08B6}.Debug|Any CPU.Build.0 = Debug|Any CPU
		{FB3A5728-452D-41A2-BBBE-741B946F08B6}.Debug|x86.ActiveCfg = Debug|Any CPU
		{FB3A5728-452D-41A2-BBBE-741B946F08B6}.Debug|x86.Build.0 = Debug|Any CPU
		{FB3A5728-452D-41A2-BBBE-741B946F08B6}.Release|Any CPU.ActiveCfg = Release|Any CPU
		{FB3A5728-452D-41A2-BBBE-741B946F08B6}.Release|Any CPU.Build.0 = Release|Any CPU
		{FB3A5728-452D-41A2-BBBE-741B946F08B6}.Release|x86.ActiveCfg = Release|Any CPU
		{FB3A5728-452D-41A2-BBBE-741B946F08B6}.Release|x86.Build.0 = Release|Any CPU
		{DBF0B57D-488D-495B-8D08-A30BAD42B22A}.Debug|Any CPU.ActiveCfg = Debug|Any CPU
		{DBF0B57D-488D-495B-8D08-A30BAD42B22A}.Debug|Any CPU.Build.0 = Debug|Any CPU
		{DBF0B57D-488D-495B-8D08-A30BAD42B22A}.Debug|x86.ActiveCfg = Debug|Any CPU
		{DBF0B57D-488D-495B-8D08-A30BAD42B22A}.Debug|x86.Build.0 = Debug|Any CPU
		{DBF0B57D-488D-495B-8D08-A30BAD42B22A}.Release|Any CPU.ActiveCfg = Release|Any CPU
		{DBF0B57D-488D-495B-8D08-A30BAD42B22A}.Release|Any CPU.Build.0 = Release|Any CPU
		{DBF0B57D-488D-495B-8D08-A30BAD42B22A}.Release|x86.ActiveCfg = Release|Any CPU
		{DBF0B57D-488D-495B-8D08-A30BAD42B22A}.Release|x86.Build.0 = Release|Any CPU
		{A38099E9-3536-4ACE-A0A7-28213C50E49C}.Debug|Any CPU.ActiveCfg = Debug|Any CPU
		{A38099E9-3536-4ACE-A0A7-28213C50E49C}.Debug|Any CPU.Build.0 = Debug|Any CPU
		{A38099E9-3536-4ACE-A0A7-28213C50E49C}.Debug|x86.ActiveCfg = Debug|x86
		{A38099E9-3536-4ACE-A0A7-28213C50E49C}.Debug|x86.Build.0 = Debug|x86
		{A38099E9-3536-4ACE-A0A7-28213C50E49C}.Release|Any CPU.ActiveCfg = Release|Any CPU
		{A38099E9-3536-4ACE-A0A7-28213C50E49C}.Release|Any CPU.Build.0 = Release|Any CPU
		{A38099E9-3536-4ACE-A0A7-28213C50E49C}.Release|x86.ActiveCfg = Release|x86
		{A38099E9-3536-4ACE-A0A7-28213C50E49C}.Release|x86.Build.0 = Release|x86
		{46759BFC-E748-4B7B-A22D-6B93B9E39AD6}.Debug|Any CPU.ActiveCfg = Debug|Any CPU
		{46759BFC-E748-4B7B-A22D-6B93B9E39AD6}.Debug|Any CPU.Build.0 = Debug|Any CPU
		{46759BFC-E748-4B7B-A22D-6B93B9E39AD6}.Debug|x86.ActiveCfg = Debug|x86
		{46759BFC-E748-4B7B-A22D-6B93B9E39AD6}.Debug|x86.Build.0 = Debug|x86
		{46759BFC-E748-4B7B-A22D-6B93B9E39AD6}.Release|Any CPU.ActiveCfg = Release|Any CPU
		{46759BFC-E748-4B7B-A22D-6B93B9E39AD6}.Release|Any CPU.Build.0 = Release|Any CPU
		{46759BFC-E748-4B7B-A22D-6B93B9E39AD6}.Release|x86.ActiveCfg = Release|x86
		{46759BFC-E748-4B7B-A22D-6B93B9E39AD6}.Release|x86.Build.0 = Release|x86
		{3721AC5B-D0A0-40DD-896C-507DCF6BF848}.Debug|Any CPU.ActiveCfg = Debug|Any CPU
		{3721AC5B-D0A0-40DD-896C-507DCF6BF848}.Debug|Any CPU.Build.0 = Debug|Any CPU
		{3721AC5B-D0A0-40DD-896C-507DCF6BF848}.Debug|x86.ActiveCfg = Debug|Any CPU
		{3721AC5B-D0A0-40DD-896C-507DCF6BF848}.Debug|x86.Build.0 = Debug|Any CPU
		{3721AC5B-D0A0-40DD-896C-507DCF6BF848}.Release|Any CPU.ActiveCfg = Release|Any CPU
		{3721AC5B-D0A0-40DD-896C-507DCF6BF848}.Release|Any CPU.Build.0 = Release|Any CPU
		{3721AC5B-D0A0-40DD-896C-507DCF6BF848}.Release|x86.ActiveCfg = Release|Any CPU
		{3721AC5B-D0A0-40DD-896C-507DCF6BF848}.Release|x86.Build.0 = Release|Any CPU
		{5535E563-9455-45BD-AD3E-D14DE787878B}.Debug|Any CPU.ActiveCfg = Debug|Any CPU
		{5535E563-9455-45BD-AD3E-D14DE787878B}.Debug|Any CPU.Build.0 = Debug|Any CPU
		{5535E563-9455-45BD-AD3E-D14DE787878B}.Debug|x86.ActiveCfg = Debug|Any CPU
		{5535E563-9455-45BD-AD3E-D14DE787878B}.Debug|x86.Build.0 = Debug|Any CPU
		{5535E563-9455-45BD-AD3E-D14DE787878B}.Release|Any CPU.ActiveCfg = Release|Any CPU
		{5535E563-9455-45BD-AD3E-D14DE787878B}.Release|Any CPU.Build.0 = Release|Any CPU
		{5535E563-9455-45BD-AD3E-D14DE787878B}.Release|x86.ActiveCfg = Release|Any CPU
		{5535E563-9455-45BD-AD3E-D14DE787878B}.Release|x86.Build.0 = Release|Any CPU
	EndGlobalSection
	GlobalSection(SolutionProperties) = preSolution
		HideSolutionNode = FALSE
	EndGlobalSection
	GlobalSection(ExtensibilityGlobals) = postSolution
		SolutionGuid = {24B71F13-F9EB-4DE3-BB0C-2C52D2946B3F}
	EndGlobalSection
EndGlobal
